
Microsoft Visual Studio Solution File, Format Version 12.00
# Visual Studio 2012
Project("{FAE04EC0-301F-11D3-BF4B-00C04F79EFBC}") = "Presentacion7", "Presentacion7\Presentacion7.csproj", "{DBD1E764-E555-40B8-9DE7-AB5704360437}"
EndProject
Global
	GlobalSection(SolutionConfigurationPlatforms) = preSolution
		Debug|x86 = Debug|x86
		Release|x86 = Release|x86
	EndGlobalSection
	GlobalSection(ProjectConfigurationPlatforms) = postSolution
		{DBD1E764-E555-40B8-9DE7-AB5704360437}.Debug|x86.ActiveCfg = Debug|x86
		{DBD1E764-E555-40B8-9DE7-AB5704360437}.Debug|x86.Build.0 = Debug|x86
		{DBD1E764-E555-40B8-9DE7-AB5704360437}.Release|x86.ActiveCfg = Release|x86
		{DBD1E764-E555-40B8-9DE7-AB5704360437}.Release|x86.Build.0 = Release|x86
	EndGlobalSection
EndGlobal
